# This file is automatically @generated by Cargo.
# It is not intended for manual editing.
version = 4

[[package]]
name = "yanet-dp"
version = "0.1.0"
dependencies = [
 "yanet-packet",
 "yanet-shm",
]

[[package]]
name = "yanet-example-rs-dp"
version = "0.1.0"
dependencies = [
 "yanet-dp",
]

[[package]]
name = "yanet-packet"
version = "0.1.0"

[[package]]
name = "yanet-shm"
version = "0.1.0"
